// !$*UTF8*$!
{
	archiveVersion = 1;
	classes = {
	};
	objectVersion = 46;
	objects = {

/* Begin PBXBuildFile section */
		9A3C1D971F0605C600D0B412 /* ListViewController.swift in Sources */ = {isa = PBXBuildFile; fileRef = 9A3C1D961F0605C600D0B412 /* ListViewController.swift */; };
		9A3C1D991F0605F000D0B412 /* ListViewCell.swift in Sources */ = {isa = PBXBuildFile; fileRef = 9A3C1D981F0605F000D0B412 /* ListViewCell.swift */; };
		9A3C1D9F1F060AA600D0B412 /* HomeViewController.swift in Sources */ = {isa = PBXBuildFile; fileRef = 9A3C1D9E1F060AA600D0B412 /* HomeViewController.swift */; };
		9A3C1DA11F060B2D00D0B412 /* HomeCollectionViewCell.swift in Sources */ = {isa = PBXBuildFile; fileRef = 9A3C1DA01F060B2D00D0B412 /* HomeCollectionViewCell.swift */; };
		9A907D1D1F08E12E00C1A103 /* APIKit.framework in Frameworks */ = {isa = PBXBuildFile; fileRef = 9ABC321D1EF9872B0042E42B /* APIKit.framework */; };
		9A907D1E1F08E12E00C1A103 /* Result.framework in Frameworks */ = {isa = PBXBuildFile; fileRef = 9ABC321E1EF9872B0042E42B /* Result.framework */; };
		9A907D231F08E4A800C1A103 /* Alamofire.framework in Frameworks */ = {isa = PBXBuildFile; fileRef = 9A907D201F08E4A800C1A103 /* Alamofire.framework */; };
		9A907D241F08E4A800C1A103 /* AlamofireImage.framework in Frameworks */ = {isa = PBXBuildFile; fileRef = 9A907D211F08E4A800C1A103 /* AlamofireImage.framework */; };
		9A907D251F08E4A800C1A103 /* ObjectMapper.framework in Frameworks */ = {isa = PBXBuildFile; fileRef = 9A907D221F08E4A800C1A103 /* ObjectMapper.framework */; };
		9A907D281F08E67000C1A103 /* iTunesAPI.swift in Sources */ = {isa = PBXBuildFile; fileRef = 9A907D271F08E67000C1A103 /* iTunesAPI.swift */; };
		9A907D2A1F08E87000C1A103 /* MusicModels.swift in Sources */ = {isa = PBXBuildFile; fileRef = 9A907D291F08E87000C1A103 /* MusicModels.swift */; };
		9A907D2C1F08E87C00C1A103 /* MusicModel.swift in Sources */ = {isa = PBXBuildFile; fileRef = 9A907D2B1F08E87C00C1A103 /* MusicModel.swift */; };
		9A907D2E1F08F51500C1A103 /* HomeViewControllerAnimation.swift in Sources */ = {isa = PBXBuildFile; fileRef = 9A907D2D1F08F51500C1A103 /* HomeViewControllerAnimation.swift */; };
		9ABC320B1EF9860E0042E42B /* AppDelegate.swift in Sources */ = {isa = PBXBuildFile; fileRef = 9ABC320A1EF9860E0042E42B /* AppDelegate.swift */; };
		9ABC32101EF9860F0042E42B /* Main.storyboard in Resources */ = {isa = PBXBuildFile; fileRef = 9ABC320E1EF9860F0042E42B /* Main.storyboard */; };
		9ABC32121EF9860F0042E42B /* Assets.xcassets in Resources */ = {isa = PBXBuildFile; fileRef = 9ABC32111EF9860F0042E42B /* Assets.xcassets */; };
		9ABC32151EF9860F0042E42B /* LaunchScreen.storyboard in Resources */ = {isa = PBXBuildFile; fileRef = 9ABC32131EF9860F0042E42B /* LaunchScreen.storyboard */; };
/* End PBXBuildFile section */

/* Begin PBXFileReference section */
		9A3C1D961F0605C600D0B412 /* ListViewController.swift */ = {isa = PBXFileReference; fileEncoding = 4; lastKnownFileType = sourcecode.swift; name = ListViewController.swift; path = view/ListView/ListViewController.swift; sourceTree = "<group>"; };
		9A3C1D981F0605F000D0B412 /* ListViewCell.swift */ = {isa = PBXFileReference; fileEncoding = 4; lastKnownFileType = sourcecode.swift; name = ListViewCell.swift; path = view/ListView/ListViewCell.swift; sourceTree = "<group>"; };
		9A3C1D9E1F060AA600D0B412 /* HomeViewController.swift */ = {isa = PBXFileReference; fileEncoding = 4; lastKnownFileType = sourcecode.swift; name = HomeViewController.swift; path = view/Home/HomeViewController.swift; sourceTree = "<group>"; };
		9A3C1DA01F060B2D00D0B412 /* HomeCollectionViewCell.swift */ = {isa = PBXFileReference; fileEncoding = 4; lastKnownFileType = sourcecode.swift; name = HomeCollectionViewCell.swift; path = view/Home/HomeCollectionViewCell.swift; sourceTree = "<group>"; };
		9A907D201F08E4A800C1A103 /* Alamofire.framework */ = {isa = PBXFileReference; lastKnownFileType = wrapper.framework; name = Alamofire.framework; path = Carthage/Build/iOS/Alamofire.framework; sourceTree = "<group>"; };
		9A907D211F08E4A800C1A103 /* AlamofireImage.framework */ = {isa = PBXFileReference; lastKnownFileType = wrapper.framework; name = AlamofireImage.framework; path = Carthage/Build/iOS/AlamofireImage.framework; sourceTree = "<group>"; };
		9A907D221F08E4A800C1A103 /* ObjectMapper.framework */ = {isa = PBXFileReference; lastKnownFileType = wrapper.framework; name = ObjectMapper.framework; path = Carthage/Build/iOS/ObjectMapper.framework; sourceTree = "<group>"; };
		9A907D271F08E67000C1A103 /* iTunesAPI.swift */ = {isa = PBXFileReference; fileEncoding = 4; lastKnownFileType = sourcecode.swift; name = iTunesAPI.swift; path = request/iTunesAPI.swift; sourceTree = "<group>"; };
		9A907D291F08E87000C1A103 /* MusicModels.swift */ = {isa = PBXFileReference; fileEncoding = 4; lastKnownFileType = sourcecode.swift; name = MusicModels.swift; path = model/MusicModels.swift; sourceTree = "<group>"; };
		9A907D2B1F08E87C00C1A103 /* MusicModel.swift */ = {isa = PBXFileReference; fileEncoding = 4; lastKnownFileType = sourcecode.swift; name = MusicModel.swift; path = model/MusicModel.swift; sourceTree = "<group>"; };
		9A907D2D1F08F51500C1A103 /* HomeViewControllerAnimation.swift */ = {isa = PBXFileReference; fileEncoding = 4; lastKnownFileType = sourcecode.swift; name = HomeViewControllerAnimation.swift; path = view/Home/HomeViewControllerAnimation.swift; sourceTree = "<group>"; };
		9ABC32071EF9860E0042E42B /* artwork-viewer.app */ = {isa = PBXFileReference; explicitFileType = wrapper.application; includeInIndex = 0; path = "artwork-viewer.app"; sourceTree = BUILT_PRODUCTS_DIR; };
		9ABC320A1EF9860E0042E42B /* AppDelegate.swift */ = {isa = PBXFileReference; lastKnownFileType = sourcecode.swift; path = AppDelegate.swift; sourceTree = "<group>"; };
		9ABC320F1EF9860F0042E42B /* Base */ = {isa = PBXFileReference; lastKnownFileType = file.storyboard; name = Base; path = Base.lproj/Main.storyboard; sourceTree = "<group>"; };
		9ABC32111EF9860F0042E42B /* Assets.xcassets */ = {isa = PBXFileReference; lastKnownFileType = folder.assetcatalog; path = Assets.xcassets; sourceTree = "<group>"; };
		9ABC32141EF9860F0042E42B /* Base */ = {isa = PBXFileReference; lastKnownFileType = file.storyboard; name = Base; path = Base.lproj/LaunchScreen.storyboard; sourceTree = "<group>"; };
		9ABC32161EF9860F0042E42B /* Info.plist */ = {isa = PBXFileReference; lastKnownFileType = text.plist.xml; path = Info.plist; sourceTree = "<group>"; };
		9ABC321D1EF9872B0042E42B /* APIKit.framework */ = {isa = PBXFileReference; lastKnownFileType = wrapper.framework; name = APIKit.framework; path = Carthage/Build/iOS/APIKit.framework; sourceTree = "<group>"; };
		9ABC321E1EF9872B0042E42B /* Result.framework */ = {isa = PBXFileReference; lastKnownFileType = wrapper.framework; name = Result.framework; path = Carthage/Build/iOS/Result.framework; sourceTree = "<group>"; };
/* End PBXFileReference section */

/* Begin PBXFrameworksBuildPhase section */
		9ABC32041EF9860E0042E42B /* Frameworks */ = {
			isa = PBXFrameworksBuildPhase;
			buildActionMask = 2147483647;
			files = (
				9A907D231F08E4A800C1A103 /* Alamofire.framework in Frameworks */,
				9A907D241F08E4A800C1A103 /* AlamofireImage.framework in Frameworks */,
				9A907D251F08E4A800C1A103 /* ObjectMapper.framework in Frameworks */,
				9A907D1D1F08E12E00C1A103 /* APIKit.framework in Frameworks */,
				9A907D1E1F08E12E00C1A103 /* Result.framework in Frameworks */,
			);
			runOnlyForDeploymentPostprocessing = 0;
		};
/* End PBXFrameworksBuildPhase section */

/* Begin PBXGroup section */
		9A3537BB1F036D7F00FD626B /* model */ = {
			isa = PBXGroup;
			children = (
				9A907D291F08E87000C1A103 /* MusicModels.swift */,
				9A907D2B1F08E87C00C1A103 /* MusicModel.swift */,
			);
			name = model;
			sourceTree = "<group>";
		};
		9A3C1D901F06056500D0B412 /* view */ = {
			isa = PBXGroup;
			children = (
				9A3C1D9D1F060A8600D0B412 /* Home */,
				9A3C1D951F0605AF00D0B412 /* ListView */,
			);
			name = view;
			sourceTree = "<group>";
		};
		9A3C1D951F0605AF00D0B412 /* ListView */ = {
			isa = PBXGroup;
			children = (
				9A3C1D961F0605C600D0B412 /* ListViewController.swift */,
				9A3C1D981F0605F000D0B412 /* ListViewCell.swift */,
			);
			name = ListView;
			sourceTree = "<group>";
		};
		9A3C1D9A1F06060200D0B412 /* utils */ = {
			isa = PBXGroup;
			children = (
			);
			name = utils;
			sourceTree = "<group>";
		};
		9A3C1D9D1F060A8600D0B412 /* Home */ = {
			isa = PBXGroup;
			children = (
				9A3C1D9E1F060AA600D0B412 /* HomeViewController.swift */,
				9A3C1DA01F060B2D00D0B412 /* HomeCollectionViewCell.swift */,
				9A907D2D1F08F51500C1A103 /* HomeViewControllerAnimation.swift */,
			);
			name = Home;
			sourceTree = "<group>";
		};
		9A907D261F08E65400C1A103 /* request */ = {
			isa = PBXGroup;
			children = (
				9A907D271F08E67000C1A103 /* iTunesAPI.swift */,
			);
			name = request;
			sourceTree = "<group>";
		};
		9ABC31FE1EF9860E0042E42B = {
			isa = PBXGroup;
			children = (
				9ABC32091EF9860E0042E42B /* artwork-viewer */,
				9ABC32081EF9860E0042E42B /* Products */,
				9ABC321C1EF9872A0042E42B /* Frameworks */,
			);
			sourceTree = "<group>";
		};
		9ABC32081EF9860E0042E42B /* Products */ = {
			isa = PBXGroup;
			children = (
				9ABC32071EF9860E0042E42B /* artwork-viewer.app */,
			);
			name = Products;
			sourceTree = "<group>";
		};
		9ABC32091EF9860E0042E42B /* artwork-viewer */ = {
			isa = PBXGroup;
			children = (
				9A907D261F08E65400C1A103 /* request */,
				9A3C1D9A1F06060200D0B412 /* utils */,
				9A3C1D901F06056500D0B412 /* view */,
				9A3537BB1F036D7F00FD626B /* model */,
				9ABC320A1EF9860E0042E42B /* AppDelegate.swift */,
				9ABC320E1EF9860F0042E42B /* Main.storyboard */,
				9ABC32111EF9860F0042E42B /* Assets.xcassets */,
				9ABC32131EF9860F0042E42B /* LaunchScreen.storyboard */,
				9ABC32161EF9860F0042E42B /* Info.plist */,
			);
			path = "artwork-viewer";
			sourceTree = "<group>";
		};
		9ABC321C1EF9872A0042E42B /* Frameworks */ = {
			isa = PBXGroup;
			children = (
				9A907D201F08E4A800C1A103 /* Alamofire.framework */,
				9A907D211F08E4A800C1A103 /* AlamofireImage.framework */,
				9A907D221F08E4A800C1A103 /* ObjectMapper.framework */,
				9ABC321D1EF9872B0042E42B /* APIKit.framework */,
				9ABC321E1EF9872B0042E42B /* Result.framework */,
			);
			name = Frameworks;
			sourceTree = "<group>";
		};
/* End PBXGroup section */

/* Begin PBXNativeTarget section */
		9ABC32061EF9860E0042E42B /* artwork-viewer */ = {
			isa = PBXNativeTarget;
			buildConfigurationList = 9ABC32191EF9860F0042E42B /* Build configuration list for PBXNativeTarget "artwork-viewer" */;
			buildPhases = (
				9ABC32031EF9860E0042E42B /* Sources */,
				9ABC32041EF9860E0042E42B /* Frameworks */,
				9ABC32051EF9860E0042E42B /* Resources */,
				9A907D1F1F08E13300C1A103 /* ShellScript */,
			);
			buildRules = (
			);
			dependencies = (
			);
			name = "artwork-viewer";
			productName = "artwork-viewer";
			productReference = 9ABC32071EF9860E0042E42B /* artwork-viewer.app */;
			productType = "com.apple.product-type.application";
		};
/* End PBXNativeTarget section */

/* Begin PBXProject section */
		9ABC31FF1EF9860E0042E42B /* Project object */ = {
			isa = PBXProject;
			attributes = {
				LastSwiftUpdateCheck = 0830;
				LastUpgradeCheck = 0830;
				ORGANIZATIONNAME = konojunya;
				TargetAttributes = {
					9ABC32061EF9860E0042E42B = {
						CreatedOnToolsVersion = 8.3.2;
						DevelopmentTeam = RH75B2UCHQ;
						ProvisioningStyle = Automatic;
					};
				};
			};
			buildConfigurationList = 9ABC32021EF9860E0042E42B /* Build configuration list for PBXProject "artwork-viewer" */;
			compatibilityVersion = "Xcode 3.2";
			developmentRegion = English;
			hasScannedForEncodings = 0;
			knownRegions = (
				en,
				Base,
			);
			mainGroup = 9ABC31FE1EF9860E0042E42B;
			productRefGroup = 9ABC32081EF9860E0042E42B /* Products */;
			projectDirPath = "";
			projectRoot = "";
			targets = (
				9ABC32061EF9860E0042E42B /* artwork-viewer */,
			);
		};
/* End PBXProject section */

/* Begin PBXResourcesBuildPhase section */
		9ABC32051EF9860E0042E42B /* Resources */ = {
			isa = PBXResourcesBuildPhase;
			buildActionMask = 2147483647;
			files = (
				9ABC32151EF9860F0042E42B /* LaunchScreen.storyboard in Resources */,
				9ABC32121EF9860F0042E42B /* Assets.xcassets in Resources */,
				9ABC32101EF9860F0042E42B /* Main.storyboard in Resources */,
			);
			runOnlyForDeploymentPostprocessing = 0;
		};
/* End PBXResourcesBuildPhase section */

/* Begin PBXShellScriptBuildPhase section */
		9A907D1F1F08E13300C1A103 /* ShellScript */ = {
			isa = PBXShellScriptBuildPhase;
			buildActionMask = 2147483647;
			files = (
			);
			inputPaths = (
				"$(SRCROOT)/Carthage/Build/iOS/APIKit.framework",
				"$(SRCROOT)/Carthage/Build/iOS/Result.framework",
				"$(SRCROOT)/Carthage/Build/iOS/Alamofire.framework",
				"$(SRCROOT)/Carthage/Build/iOS/AlamofireImage.framework",
				"$(SRCROOT)/Carthage/Build/iOS/ObjectMapper.framework",
			);
			outputPaths = (
			);
			runOnlyForDeploymentPostprocessing = 0;
			shellPath = /bin/sh;
			shellScript = "/usr/local/bin/carthage copy-frameworks";
		};
/* End PBXShellScriptBuildPhase section */

/* Begin PBXSourcesBuildPhase section */
		9ABC32031EF9860E0042E42B /* Sources */ = {
			isa = PBXSourcesBuildPhase;
			buildActionMask = 2147483647;
			files = (
				9A907D281F08E67000C1A103 /* iTunesAPI.swift in Sources */,
				9ABC320B1EF9860E0042E42B /* AppDelegate.swift in Sources */,
				9A907D2C1F08E87C00C1A103 /* MusicModel.swift in Sources */,
				9A907D2A1F08E87000C1A103 /* MusicModels.swift in Sources */,
				9A907D2E1F08F51500C1A103 /* HomeViewControllerAnimation.swift in Sources */,
				9A3C1D971F0605C600D0B412 /* ListViewController.swift in Sources */,
				9A3C1D9F1F060AA600D0B412 /* HomeViewController.swift in Sources */,
				9A3C1D991F0605F000D0B412 /* ListViewCell.swift in Sources */,
				9A3C1DA11F060B2D00D0B412 /* HomeCollectionViewCell.swift in Sources */,
			);
			runOnlyForDeploymentPostprocessing = 0;
		};
/* End PBXSourcesBuildPhase section */

/* Begin PBXVariantGroup section */
		9ABC320E1EF9860F0042E42B /* Main.storyboard */ = {
			isa = PBXVariantGroup;
			children = (
				9ABC320F1EF9860F0042E42B /* Base */,
			);
			name = Main.storyboard;
			sourceTree = "<group>";
		};
		9ABC32131EF9860F0042E42B /* LaunchScreen.storyboard */ = {
			isa = PBXVariantGroup;
			children = (
				9ABC32141EF9860F0042E42B /* Base */,
			);
			name = LaunchScreen.storyboard;
			sourceTree = "<group>";
		};
/* End PBXVariantGroup section */

/* Begin XCBuildConfiguration section */
		9ABC32171EF9860F0042E42B /* Debug */ = {
			isa = XCBuildConfiguration;
			buildSettings = {
				ALWAYS_SEARCH_USER_PATHS = NO;
				CLANG_ANALYZER_NONNULL = YES;
				CLANG_ANALYZER_NUMBER_OBJECT_CONVERSION = YES_AGGRESSIVE;
				CLANG_CXX_LANGUAGE_STANDARD = "gnu++0x";
				CLANG_CXX_LIBRARY = "libc++";
				CLANG_ENABLE_MODULES = YES;
				CLANG_ENABLE_OBJC_ARC = YES;
				CLANG_WARN_BOOL_CONVERSION = YES;
				CLANG_WARN_CONSTANT_CONVERSION = YES;
				CLANG_WARN_DIRECT_OBJC_ISA_USAGE = YES_ERROR;
				CLANG_WARN_DOCUMENTATION_COMMENTS = YES;
				CLANG_WARN_EMPTY_BODY = YES;
				CLANG_WARN_ENUM_CONVERSION = YES;
				CLANG_WARN_INFINITE_RECURSION = YES;
				CLANG_WARN_INT_CONVERSION = YES;
				CLANG_WARN_OBJC_ROOT_CLASS = YES_ERROR;
				CLANG_WARN_SUSPICIOUS_MOVE = YES;
				CLANG_WARN_UNREACHABLE_CODE = YES;
				CLANG_WARN__DUPLICATE_METHOD_MATCH = YES;
				"CODE_SIGN_IDENTITY[sdk=iphoneos*]" = "iPhone Developer";
				COPY_PHASE_STRIP = NO;
				DEBUG_INFORMATION_FORMAT = dwarf;
				ENABLE_STRICT_OBJC_MSGSEND = YES;
				ENABLE_TESTABILITY = YES;
				GCC_C_LANGUAGE_STANDARD = gnu99;
				GCC_DYNAMIC_NO_PIC = NO;
				GCC_NO_COMMON_BLOCKS = YES;
				GCC_OPTIMIZATION_LEVEL = 0;
				GCC_PREPROCESSOR_DEFINITIONS = (
					"DEBUG=1",
					"$(inherited)",
				);
				GCC_WARN_64_TO_32_BIT_CONVERSION = YES;
				GCC_WARN_ABOUT_RETURN_TYPE = YES_ERROR;
				GCC_WARN_UNDECLARED_SELECTOR = YES;
				GCC_WARN_UNINITIALIZED_AUTOS = YES_AGGRESSIVE;
				GCC_WARN_UNUSED_FUNCTION = YES;
				GCC_WARN_UNUSED_VARIABLE = YES;
				IPHONEOS_DEPLOYMENT_TARGET = 10.2;
				MTL_ENABLE_DEBUG_INFO = YES;
				ONLY_ACTIVE_ARCH = YES;
				SDKROOT = iphoneos;
				SWIFT_ACTIVE_COMPILATION_CONDITIONS = DEBUG;
				SWIFT_OPTIMIZATION_LEVEL = "-Onone";
			};
			name = Debug;
		};
		9ABC32181EF9860F0042E42B /* Release */ = {
			isa = XCBuildConfiguration;
			buildSettings = {
				ALWAYS_SEARCH_USER_PATHS = NO;
				CLANG_ANALYZER_NONNULL = YES;
				CLANG_ANALYZER_NUMBER_OBJECT_CONVERSION = YES_AGGRESSIVE;
				CLANG_CXX_LANGUAGE_STANDARD = "gnu++0x";
				CLANG_CXX_LIBRARY = "libc++";
				CLANG_ENABLE_MODULES = YES;
				CLANG_ENABLE_OBJC_ARC = YES;
				CLANG_WARN_BOOL_CONVERSION = YES;
				CLANG_WARN_CONSTANT_CONVERSION = YES;
				CLANG_WARN_DIRECT_OBJC_ISA_USAGE = YES_ERROR;
				CLANG_WARN_DOCUMENTATION_COMMENTS = YES;
				CLANG_WARN_EMPTY_BODY = YES;
				CLANG_WARN_ENUM_CONVERSION = YES;
				CLANG_WARN_INFINITE_RECURSION = YES;
				CLANG_WARN_INT_CONVERSION = YES;
				CLANG_WARN_OBJC_ROOT_CLASS = YES_ERROR;
				CLANG_WARN_SUSPICIOUS_MOVE = YES;
				CLANG_WARN_UNREACHABLE_CODE = YES;
				CLANG_WARN__DUPLICATE_METHOD_MATCH = YES;
				"CODE_SIGN_IDENTITY[sdk=iphoneos*]" = "iPhone Developer";
				COPY_PHASE_STRIP = NO;
				DEBUG_INFORMATION_FORMAT = "dwarf-with-dsym";
				ENABLE_NS_ASSERTIONS = NO;
				ENABLE_STRICT_OBJC_MSGSEND = YES;
				GCC_C_LANGUAGE_STANDARD = gnu99;
				GCC_NO_COMMON_BLOCKS = YES;
				GCC_WARN_64_TO_32_BIT_CONVERSION = YES;
				GCC_WARN_ABOUT_RETURN_TYPE = YES_ERROR;
				GCC_WARN_UNDECLARED_SELECTOR = YES;
				GCC_WARN_UNINITIALIZED_AUTOS = YES_AGGRESSIVE;
				GCC_WARN_UNUSED_FUNCTION = YES;
				GCC_WARN_UNUSED_VARIABLE = YES;
				IPHONEOS_DEPLOYMENT_TARGET = 10.2;
				MTL_ENABLE_DEBUG_INFO = NO;
				SDKROOT = iphoneos;
				SWIFT_OPTIMIZATION_LEVEL = "-Owholemodule";
				VALIDATE_PRODUCT = YES;
			};
			name = Release;
		};
		9ABC321A1EF9860F0042E42B /* Debug */ = {
			isa = XCBuildConfiguration;
			buildSettings = {
				ASSETCATALOG_COMPILER_APPICON_NAME = AppIcon;
				DEVELOPMENT_TEAM = RH75B2UCHQ;
				FRAMEWORK_SEARCH_PATHS = (
					"$(inherited)",
					"$(PROJECT_DIR)/Carthage/Build/iOS",
				);
				INFOPLIST_FILE = "artwork-viewer/Info.plist";
				IPHONEOS_DEPLOYMENT_TARGET = 10.2;
				LD_RUNPATH_SEARCH_PATHS = "$(inherited) @executable_path/Frameworks";
				PRODUCT_BUNDLE_IDENTIFIER = "konojunya.artwork-viewer";
				PRODUCT_NAME = "$(TARGET_NAME)";
				SWIFT_VERSION = 3.0;
			};
			name = Debug;
		};
		9ABC321B1EF9860F0042E42B /* Release */ = {
			isa = XCBuildConfiguration;
			buildSettings = {
				ASSETCATALOG_COMPILER_APPICON_NAME = AppIcon;
				DEVELOPMENT_TEAM = RH75B2UCHQ;
				FRAMEWORK_SEARCH_PATHS = (
					"$(inherited)",
					"$(PROJECT_DIR)/Carthage/Build/iOS",
				);
				INFOPLIST_FILE = "artwork-viewer/Info.plist";
				IPHONEOS_DEPLOYMENT_TARGET = 10.2;
				LD_RUNPATH_SEARCH_PATHS = "$(inherited) @executable_path/Frameworks";
				PRODUCT_BUNDLE_IDENTIFIER = "konojunya.artwork-viewer";
				PRODUCT_NAME = "$(TARGET_NAME)";
				SWIFT_VERSION = 3.0;
			};
			name = Release;
		};
/* End XCBuildConfiguration section */

/* Begin XCConfigurationList section */
		9ABC32021EF9860E0042E42B /* Build configuration list for PBXProject "artwork-viewer" */ = {
			isa = XCConfigurationList;
			buildConfigurations = (
				9ABC32171EF9860F0042E42B /* Debug */,
				9ABC32181EF9860F0042E42B /* Release */,
			);
			defaultConfigurationIsVisible = 0;
			defaultConfigurationName = Release;
		};
		9ABC32191EF9860F0042E42B /* Build configuration list for PBXNativeTarget "artwork-viewer" */ = {
			isa = XCConfigurationList;
			buildConfigurations = (
				9ABC321A1EF9860F0042E42B /* Debug */,
				9ABC321B1EF9860F0042E42B /* Release */,
			);
			defaultConfigurationIsVisible = 0;
			defaultConfigurationName = Release;
		};
/* End XCConfigurationList section */
	};
	rootObject = 9ABC31FF1EF9860E0042E42B /* Project object */;
}
